<?xml version="1.0" encoding="utf-8"?>
<Project ToolsVersion="4.0" xmlns="http://schemas.microsoft.com/developer/msbuild/2003">
  <ItemGroup>
    <ClCompile Include="Animation.cpp" />
    <ClCompile Include="Application.cpp" />
    <ClCompile Include="Camera.cpp" />
    <ClCompile Include="Character.cpp" />
    <ClCompile Include="Collision.cpp" />
    <ClCompile Include="Color.cpp" />
    <ClCompile Include="Engine.cpp" />
    <ClCompile Include="GLSL.cpp" />
    <ClCompile Include="Graphics.cpp" />
    <ClCompile Include="imgui.cpp" />
    <ClCompile Include="imgui_demo.cpp" />
    <ClCompile Include="imgui_draw.cpp" />
    <ClCompile Include="imgui_impl_glfw.cpp" />
    <ClCompile Include="imgui_impl_opengl3.cpp" />
    <ClCompile Include="Imgui_System.cpp" />
    <ClCompile Include="imgui_widgets.cpp" />
    <ClCompile Include="Input.cpp" />
    <ClCompile Include="JSON.cpp" />
    <ClCompile Include="Mesh.cpp" />
    <ClCompile Include="Object.cpp" />
    <ClCompile Include="Objectmanager.cpp" />
    <ClCompile Include="Physics.cpp" />
    <ClCompile Include="Reaction.cpp" />
    <ClCompile Include="RigidBody.cpp" />
    <ClCompile Include="Shader.cpp" />
    <ClCompile Include="Sound.cpp" />
    <ClCompile Include="Sprite.cpp" />
    <ClCompile Include="StateManager.cpp" />
    <ClCompile Include="Transform.cpp" />
    <ClCompile Include="State.cpp" />
    <ClCompile Include="status.cpp" />
    <ClCompile Include="Player.cpp" />
    <ClCompile Include="Enemy.cpp" />
  </ItemGroup>
  <ItemGroup>
    <ClInclude Include="Animation.hpp" />
    <ClInclude Include="Application.hpp" />
    <ClInclude Include="Camera.hpp" />
    <ClInclude Include="Character.hpp" />
    <ClInclude Include="Collision.hpp" />
    <ClInclude Include="Color.hpp" />
    <ClInclude Include="Component.hpp" />
    <ClInclude Include="DepthValue.hpp" />
    <ClInclude Include="Engine.hpp" />
    <ClInclude Include="GLSL.hpp" />
    <ClInclude Include="Graphics.hpp" />
    <ClInclude Include="imconfig.h" />
    <ClInclude Include="imgui.h" />
    <ClInclude Include="imgui_impl_glfw.h" />
    <ClInclude Include="imgui_impl_opengl3.h" />
    <ClInclude Include="imgui_internal.h" />
    <ClInclude Include="Imgui_System.hpp" />
    <ClInclude Include="imstb_rectpack.h" />
    <ClInclude Include="imstb_textedit.h" />
    <ClInclude Include="imstb_truetype.h" />
    <ClInclude Include="Input.hpp" />
    <ClInclude Include="JSON.hpp" />
    <ClInclude Include="Mesh.hpp" />
    <ClInclude Include="Object.hpp" />
    <ClInclude Include="Objectmanager.hpp" />
    <ClInclude Include="Physics.hpp" />
    <ClInclude Include="Reaction.hpp" />
    <ClInclude Include="Restitution.hpp" />
    <ClInclude Include="RigidBody.hpp" />
    <ClInclude Include="Shader.hpp" />
    <ClInclude Include="Sound.hpp" />
    <ClInclude Include="Sprite.hpp" />
    <ClInclude Include="State.hpp" />
    <ClInclude Include="StateManager.hpp" />
    <ClInclude Include="stb_image.h" />
    <ClInclude Include="stb_image_write.h" />
    <ClInclude Include="System.hpp" />
    <ClInclude Include="Timer.hpp" />
    <ClInclude Include="Transform.hpp" />
    <ClInclude Include="Player.hpp" />
    <ClInclude Include="status.hpp" />
    <ClInclude Include="Enemy.hpp" />
  </ItemGroup>
</Project>