
Microsoft Visual Studio Solution File, Format Version 12.00
# Visual Studio 15
VisualStudioVersion = 15.0.27428.2005
MinimumVisualStudioVersion = 10.0.40219.1
Project("{8BC9CEB8-8B4A-11D0-8D11-00A0C91BC942}") = "Reshaper_Lab", "Reshaper_Lab\Reshaper_Lab.vcxproj", "{446DD6CF-F9D5-40FE-A06A-B4A0373DF618}"
EndProject
Project("{8BC9CEB8-8B4A-11D0-8D11-00A0C91BC942}") = "Reshraper_Lab_Second", "Reshraper_Lab_Second\Reshraper_Lab_Second.vcxproj", "{A912734E-C79C-4387-B052-C9FC04B6DD60}"
EndProject
Global
	GlobalSection(SolutionConfigurationPlatforms) = preSolution
		Debug|x64 = Debug|x64
		Debug|x86 = Debug|x86
		Release|x64 = Release|x64
		Release|x86 = Release|x86
	EndGlobalSection
	GlobalSection(ProjectConfigurationPlatforms) = postSolution
		{446DD6CF-F9D5-40FE-A06A-B4A0373DF618}.Debug|x64.ActiveCfg = Debug|x64
		{446DD6CF-F9D5-40FE-A06A-B4A0373DF618}.Debug|x64.Build.0 = Debug|x64
		{446DD6CF-F9D5-40FE-A06A-B4A0373DF618}.Debug|x86.ActiveCfg = Debug|Win32
		{446DD6CF-F9D5-40FE-A06A-B4A0373DF618}.Debug|x86.Build.0 = Debug|Win32
		{446DD6CF-F9D5-40FE-A06A-B4A0373DF618}.Release|x64.ActiveCfg = Release|x64
		{446DD6CF-F9D5-40FE-A06A-B4A0373DF618}.Release|x64.Build.0 = Release|x64
		{446DD6CF-F9D5-40FE-A06A-B4A0373DF618}.Release|x86.ActiveCfg = Release|Win32
		{446DD6CF-F9D5-40FE-A06A-B4A0373DF618}.Release|x86.Build.0 = Release|Win32
		{A912734E-C79C-4387-B052-C9FC04B6DD60}.Debug|x64.ActiveCfg = Debug|x64
		{A912734E-C79C-4387-B052-C9FC04B6DD60}.Debug|x64.Build.0 = Debug|x64
		{A912734E-C79C-4387-B052-C9FC04B6DD60}.Debug|x86.ActiveCfg = Debug|Win32
		{A912734E-C79C-4387-B052-C9FC04B6DD60}.Debug|x86.Build.0 = Debug|Win32
		{A912734E-C79C-4387-B052-C9FC04B6DD60}.Release|x64.ActiveCfg = Release|x64
		{A912734E-C79C-4387-B052-C9FC04B6DD60}.Release|x64.Build.0 = Release|x64
		{A912734E-C79C-4387-B052-C9FC04B6DD60}.Release|x86.ActiveCfg = Release|Win32
		{A912734E-C79C-4387-B052-C9FC04B6DD60}.Release|x86.Build.0 = Release|Win32
	EndGlobalSection
	GlobalSection(SolutionProperties) = preSolution
		HideSolutionNode = FALSE
	EndGlobalSection
	GlobalSection(ExtensibilityGlobals) = postSolution
		SolutionGuid = {03DC4404-38E1-4E7B-85DD-FA869C085B90}
	EndGlobalSection
EndGlobal
