<?xml version="1.0" encoding="utf-8"?>
<Project ToolsVersion="4.0" xmlns="http://schemas.microsoft.com/developer/msbuild/2003">
  <ItemGroup>
    <ClCompile Include="Capture.cpp" />
    <ClCompile Include="HUD_Level.cpp" />
    <ClCompile Include="Level1.cpp" />
    <ClCompile Include="Level3.cpp" />
    <ClCompile Include="Source.cpp" />
    <ClCompile Include="SplashScreen.cpp" />
    <ClCompile Include="level2.cpp" />
    <ClCompile Include="MainMenu.cpp" />
    <ClCompile Include="LevelSelector.cpp" />
  </ItemGroup>
  <ItemGroup>
    <ClInclude Include="Capture.hpp" />
    <ClInclude Include="HUD_Level.hpp" />
    <ClInclude Include="Level1.hpp" />
    <ClInclude Include="Level3.hpp" />
    <ClInclude Include="SplashScreen.hpp" />
    <ClInclude Include="level2.hpp" />
    <ClInclude Include="MainMenu.hpp" />
    <ClInclude Include="LevelSelector.hpp" />
  </ItemGroup>
</Project>